// !$*UTF8*$!
{
	archiveVersion = 1;
	classes = {
	};
	objectVersion = 46;
	objects = {

/* Begin PBXBuildFile section */
		0DBCA0DA97E3C7B3728FFDE3 /* libPods-OrangeDemo.a in Frameworks */ = {isa = PBXBuildFile; fileRef = D3EF71EC3CEB57F831BE20CA /* libPods-OrangeDemo.a */; };
		82B7D5231E60288D0065D4CC /* main.m in Sources */ = {isa = PBXBuildFile; fileRef = 82B7D5221E60288D0065D4CC /* main.m */; };
		82B7D5261E60288D0065D4CC /* AppDelegate.m in Sources */ = {isa = PBXBuildFile; fileRef = 82B7D5251E60288D0065D4CC /* AppDelegate.m */; };
		82B7D5291E60288D0065D4CC /* ViewController.m in Sources */ = {isa = PBXBuildFile; fileRef = 82B7D5281E60288D0065D4CC /* ViewController.m */; };
		82B7D52C1E60288D0065D4CC /* Main.storyboard in Resources */ = {isa = PBXBuildFile; fileRef = 82B7D52A1E60288D0065D4CC /* Main.storyboard */; };
		82B7D52E1E60288D0065D4CC /* Assets.xcassets in Resources */ = {isa = PBXBuildFile; fileRef = 82B7D52D1E60288D0065D4CC /* Assets.xcassets */; };
		82B7D5311E60288D0065D4CC /* LaunchScreen.storyboard in Resources */ = {isa = PBXBuildFile; fileRef = 82B7D52F1E60288D0065D4CC /* LaunchScreen.storyboard */; };
/* End PBXBuildFile section */

/* Begin PBXFileReference section */
		185A91905478E23E5E0D7DF1 /* Pods-OrangeDemo.release.xcconfig */ = {isa = PBXFileReference; includeInIndex = 1; lastKnownFileType = text.xcconfig; name = "Pods-OrangeDemo.release.xcconfig"; path = "Pods/Target Support Files/Pods-OrangeDemo/Pods-OrangeDemo.release.xcconfig"; sourceTree = "<group>"; };
		82B7D51E1E60288D0065D4CC /* OrangeDemo.app */ = {isa = PBXFileReference; explicitFileType = wrapper.application; includeInIndex = 0; path = OrangeDemo.app; sourceTree = BUILT_PRODUCTS_DIR; };
		82B7D5221E60288D0065D4CC /* main.m */ = {isa = PBXFileReference; lastKnownFileType = sourcecode.c.objc; path = main.m; sourceTree = "<group>"; };
		82B7D5241E60288D0065D4CC /* AppDelegate.h */ = {isa = PBXFileReference; lastKnownFileType = sourcecode.c.h; path = AppDelegate.h; sourceTree = "<group>"; };
		82B7D5251E60288D0065D4CC /* AppDelegate.m */ = {isa = PBXFileReference; lastKnownFileType = sourcecode.c.objc; path = AppDelegate.m; sourceTree = "<group>"; };
		82B7D5271E60288D0065D4CC /* ViewController.h */ = {isa = PBXFileReference; lastKnownFileType = sourcecode.c.h; path = ViewController.h; sourceTree = "<group>"; };
		82B7D5281E60288D0065D4CC /* ViewController.m */ = {isa = PBXFileReference; lastKnownFileType = sourcecode.c.objc; path = ViewController.m; sourceTree = "<group>"; };
		82B7D52B1E60288D0065D4CC /* Base */ = {isa = PBXFileReference; lastKnownFileType = file.storyboard; name = Base; path = Base.lproj/Main.storyboard; sourceTree = "<group>"; };
		82B7D52D1E60288D0065D4CC /* Assets.xcassets */ = {isa = PBXFileReference; lastKnownFileType = folder.assetcatalog; path = Assets.xcassets; sourceTree = "<group>"; };
		82B7D5301E60288D0065D4CC /* Base */ = {isa = PBXFileReference; lastKnownFileType = file.storyboard; name = Base; path = Base.lproj/LaunchScreen.storyboard; sourceTree = "<group>"; };
		82B7D5321E60288D0065D4CC /* Info.plist */ = {isa = PBXFileReference; lastKnownFileType = text.plist.xml; path = Info.plist; sourceTree = "<group>"; };
		C1AF94EBF0E62B1597EEBFE5 /* Pods-OrangeDemo.debug.xcconfig */ = {isa = PBXFileReference; includeInIndex = 1; lastKnownFileType = text.xcconfig; name = "Pods-OrangeDemo.debug.xcconfig"; path = "Pods/Target Support Files/Pods-OrangeDemo/Pods-OrangeDemo.debug.xcconfig"; sourceTree = "<group>"; };
		D3EF71EC3CEB57F831BE20CA /* libPods-OrangeDemo.a */ = {isa = PBXFileReference; explicitFileType = archive.ar; includeInIndex = 0; path = "libPods-OrangeDemo.a"; sourceTree = BUILT_PRODUCTS_DIR; };
/* End PBXFileReference section */

/* Begin PBXFrameworksBuildPhase section */
		82B7D51B1E60288D0065D4CC /* Frameworks */ = {
			isa = PBXFrameworksBuildPhase;
			buildActionMask = 2147483647;
			files = (
				0DBCA0DA97E3C7B3728FFDE3 /* libPods-OrangeDemo.a in Frameworks */,
			);
			runOnlyForDeploymentPostprocessing = 0;
		};
/* End PBXFrameworksBuildPhase section */

/* Begin PBXGroup section */
		82B7D5151E60288D0065D4CC = {
			isa = PBXGroup;
			children = (
				82B7D5201E60288D0065D4CC /* OrangeDemo */,
				82B7D51F1E60288D0065D4CC /* Products */,
				89688D4440A9AB16B6E75647 /* Pods */,
				DB4170E5CB92E110A244B77F /* Frameworks */,
			);
			sourceTree = "<group>";
		};
		82B7D51F1E60288D0065D4CC /* Products */ = {
			isa = PBXGroup;
			children = (
				82B7D51E1E60288D0065D4CC /* OrangeDemo.app */,
			);
			name = Products;
			sourceTree = "<group>";
		};
		82B7D5201E60288D0065D4CC /* OrangeDemo */ = {
			isa = PBXGroup;
			children = (
				82B7D5241E60288D0065D4CC /* AppDelegate.h */,
				82B7D5251E60288D0065D4CC /* AppDelegate.m */,
				82B7D5271E60288D0065D4CC /* ViewController.h */,
				82B7D5281E60288D0065D4CC /* ViewController.m */,
				82B7D52A1E60288D0065D4CC /* Main.storyboard */,
				82B7D52D1E60288D0065D4CC /* Assets.xcassets */,
				82B7D52F1E60288D0065D4CC /* LaunchScreen.storyboard */,
				82B7D5321E60288D0065D4CC /* Info.plist */,
				82B7D5211E60288D0065D4CC /* Supporting Files */,
			);
			path = OrangeDemo;
			sourceTree = "<group>";
		};
		82B7D5211E60288D0065D4CC /* Supporting Files */ = {
			isa = PBXGroup;
			children = (
				82B7D5221E60288D0065D4CC /* main.m */,
			);
			name = "Supporting Files";
			sourceTree = "<group>";
		};
		89688D4440A9AB16B6E75647 /* Pods */ = {
			isa = PBXGroup;
			children = (
				C1AF94EBF0E62B1597EEBFE5 /* Pods-OrangeDemo.debug.xcconfig */,
				185A91905478E23E5E0D7DF1 /* Pods-OrangeDemo.release.xcconfig */,
			);
			name = Pods;
			sourceTree = "<group>";
		};
		DB4170E5CB92E110A244B77F /* Frameworks */ = {
			isa = PBXGroup;
			children = (
				D3EF71EC3CEB57F831BE20CA /* libPods-OrangeDemo.a */,
			);
			name = Frameworks;
			sourceTree = "<group>";
		};
/* End PBXGroup section */

/* Begin PBXNativeTarget section */
		82B7D51D1E60288D0065D4CC /* OrangeDemo */ = {
			isa = PBXNativeTarget;
			buildConfigurationList = 82B7D5351E60288D0065D4CC /* Build configuration list for PBXNativeTarget "OrangeDemo" */;
			buildPhases = (
				C39074AC94D460F3CBBCE20C /* [CP] Check Pods Manifest.lock */,
				82B7D51A1E60288D0065D4CC /* Sources */,
				82B7D51B1E60288D0065D4CC /* Frameworks */,
				82B7D51C1E60288D0065D4CC /* Resources */,
				2CEF4AD8028E989DE8A0B514 /* [CP] Embed Pods Frameworks */,
				26C8AFB4D5D5BD0B9716990F /* [CP] Copy Pods Resources */,
			);
			buildRules = (
			);
			dependencies = (
			);
			name = OrangeDemo;
			productName = OrangeDemo;
			productReference = 82B7D51E1E60288D0065D4CC /* OrangeDemo.app */;
			productType = "com.apple.product-type.application";
		};
/* End PBXNativeTarget section */

/* Begin PBXProject section */
		82B7D5161E60288D0065D4CC /* Project object */ = {
			isa = PBXProject;
			attributes = {
				LastUpgradeCheck = 0820;
				ORGANIZATIONNAME = lmc;
				TargetAttributes = {
					82B7D51D1E60288D0065D4CC = {
						CreatedOnToolsVersion = 8.2.1;
						ProvisioningStyle = Automatic;
					};
				};
			};
			buildConfigurationList = 82B7D5191E60288D0065D4CC /* Build configuration list for PBXProject "OrangeDemo" */;
			compatibilityVersion = "Xcode 3.2";
			developmentRegion = English;
			hasScannedForEncodings = 0;
			knownRegions = (
				en,
				Base,
			);
			mainGroup = 82B7D5151E60288D0065D4CC;
			productRefGroup = 82B7D51F1E60288D0065D4CC /* Products */;
			projectDirPath = "";
			projectRoot = "";
			targets = (
				82B7D51D1E60288D0065D4CC /* OrangeDemo */,
			);
		};
/* End PBXProject section */

/* Begin PBXResourcesBuildPhase section */
		82B7D51C1E60288D0065D4CC /* Resources */ = {
			isa = PBXResourcesBuildPhase;
			buildActionMask = 2147483647;
			files = (
				82B7D5311E60288D0065D4CC /* LaunchScreen.storyboard in Resources */,
				82B7D52E1E60288D0065D4CC /* Assets.xcassets in Resources */,
				82B7D52C1E60288D0065D4CC /* Main.storyboard in Resources */,
			);
			runOnlyForDeploymentPostprocessing = 0;
		};
/* End PBXResourcesBuildPhase section */

/* Begin PBXShellScriptBuildPhase section */
		26C8AFB4D5D5BD0B9716990F /* [CP] Copy Pods Resources */ = {
			isa = PBXShellScriptBuildPhase;
			buildActionMask = 2147483647;
			files = (
			);
			inputPaths = (
			);
			name = "[CP] Copy Pods Resources";
			outputPaths = (
			);
			runOnlyForDeploymentPostprocessing = 0;
			shellPath = /bin/sh;
			shellScript = "\"${SRCROOT}/Pods/Target Support Files/Pods-OrangeDemo/Pods-OrangeDemo-resources.sh\"\n";
			showEnvVarsInLog = 0;
		};
		2CEF4AD8028E989DE8A0B514 /* [CP] Embed Pods Frameworks */ = {
			isa = PBXShellScriptBuildPhase;
			buildActionMask = 2147483647;
			files = (
			);
			inputPaths = (
			);
			name = "[CP] Embed Pods Frameworks";
			outputPaths = (
			);
			runOnlyForDeploymentPostprocessing = 0;
			shellPath = /bin/sh;
			shellScript = "\"${SRCROOT}/Pods/Target Support Files/Pods-OrangeDemo/Pods-OrangeDemo-frameworks.sh\"\n";
			showEnvVarsInLog = 0;
		};
		C39074AC94D460F3CBBCE20C /* [CP] Check Pods Manifest.lock */ = {
			isa = PBXShellScriptBuildPhase;
			buildActionMask = 2147483647;
			files = (
			);
			inputPaths = (
			);
			name = "[CP] Check Pods Manifest.lock";
			outputPaths = (
			);
			runOnlyForDeploymentPostprocessing = 0;
			shellPath = /bin/sh;
			shellScript = "diff \"${PODS_ROOT}/../Podfile.lock\" \"${PODS_ROOT}/Manifest.lock\" > /dev/null\nif [ $? != 0 ] ; then\n    # print error to STDERR\n    echo \"error: The sandbox is not in sync with the Podfile.lock. Run 'pod install' or update your CocoaPods installation.\" >&2\n    exit 1\nfi\n";
			showEnvVarsInLog = 0;
		};
/* End PBXShellScriptBuildPhase section */

/* Begin PBXSourcesBuildPhase section */
		82B7D51A1E60288D0065D4CC /* Sources */ = {
			isa = PBXSourcesBuildPhase;
			buildActionMask = 2147483647;
			files = (
				82B7D5291E60288D0065D4CC /* ViewController.m in Sources */,
				82B7D5261E60288D0065D4CC /* AppDelegate.m in Sources */,
				82B7D5231E60288D0065D4CC /* main.m in Sources */,
			);
			runOnlyForDeploymentPostprocessing = 0;
		};
/* End PBXSourcesBuildPhase section */

/* Begin PBXVariantGroup section */
		82B7D52A1E60288D0065D4CC /* Main.storyboard */ = {
			isa = PBXVariantGroup;
			children = (
				82B7D52B1E60288D0065D4CC /* Base */,
			);
			name = Main.storyboard;
			sourceTree = "<group>";
		};
		82B7D52F1E60288D0065D4CC /* LaunchScreen.storyboard */ = {
			isa = PBXVariantGroup;
			children = (
				82B7D5301E60288D0065D4CC /* Base */,
			);
			name = LaunchScreen.storyboard;
			sourceTree = "<group>";
		};
/* End PBXVariantGroup section */

/* Begin XCBuildConfiguration section */
		82B7D5331E60288D0065D4CC /* Debug */ = {
			isa = XCBuildConfiguration;
			buildSettings = {
				ALWAYS_SEARCH_USER_PATHS = NO;
				CLANG_ANALYZER_NONNULL = YES;
				CLANG_CXX_LANGUAGE_STANDARD = "gnu++0x";
				CLANG_CXX_LIBRARY = "libc++";
				CLANG_ENABLE_MODULES = YES;
				CLANG_ENABLE_OBJC_ARC = YES;
				CLANG_WARN_BOOL_CONVERSION = YES;
				CLANG_WARN_CONSTANT_CONVERSION = YES;
				CLANG_WARN_DIRECT_OBJC_ISA_USAGE = YES_ERROR;
				CLANG_WARN_DOCUMENTATION_COMMENTS = YES;
				CLANG_WARN_EMPTY_BODY = YES;
				CLANG_WARN_ENUM_CONVERSION = YES;
				CLANG_WARN_INFINITE_RECURSION = YES;
				CLANG_WARN_INT_CONVERSION = YES;
				CLANG_WARN_OBJC_ROOT_CLASS = YES_ERROR;
				CLANG_WARN_SUSPICIOUS_MOVE = YES;
				CLANG_WARN_UNREACHABLE_CODE = YES;
				CLANG_WARN__DUPLICATE_METHOD_MATCH = YES;
				"CODE_SIGN_IDENTITY[sdk=iphoneos*]" = "iPhone Developer";
				COPY_PHASE_STRIP = NO;
				DEBUG_INFORMATION_FORMAT = dwarf;
				ENABLE_STRICT_OBJC_MSGSEND = YES;
				ENABLE_TESTABILITY = YES;
				GCC_C_LANGUAGE_STANDARD = gnu99;
				GCC_DYNAMIC_NO_PIC = NO;
				GCC_NO_COMMON_BLOCKS = YES;
				GCC_OPTIMIZATION_LEVEL = 0;
				GCC_PREPROCESSOR_DEFINITIONS = (
					"DEBUG=1",
					"$(inherited)",
				);
				GCC_WARN_64_TO_32_BIT_CONVERSION = YES;
				GCC_WARN_ABOUT_RETURN_TYPE = YES_ERROR;
				GCC_WARN_UNDECLARED_SELECTOR = YES;
				GCC_WARN_UNINITIALIZED_AUTOS = YES_AGGRESSIVE;
				GCC_WARN_UNUSED_FUNCTION = YES;
				GCC_WARN_UNUSED_VARIABLE = YES;
				IPHONEOS_DEPLOYMENT_TARGET = 10.2;
				MTL_ENABLE_DEBUG_INFO = YES;
				ONLY_ACTIVE_ARCH = YES;
				SDKROOT = iphoneos;
				TARGETED_DEVICE_FAMILY = "1,2";
			};
			name = Debug;
		};
		82B7D5341E60288D0065D4CC /* Release */ = {
			isa = XCBuildConfiguration;
			buildSettings = {
				ALWAYS_SEARCH_USER_PATHS = NO;
				CLANG_ANALYZER_NONNULL = YES;
				CLANG_CXX_LANGUAGE_STANDARD = "gnu++0x";
				CLANG_CXX_LIBRARY = "libc++";
				CLANG_ENABLE_MODULES = YES;
				CLANG_ENABLE_OBJC_ARC = YES;
				CLANG_WARN_BOOL_CONVERSION = YES;
				CLANG_WARN_CONSTANT_CONVERSION = YES;
				CLANG_WARN_DIRECT_OBJC_ISA_USAGE = YES_ERROR;
				CLANG_WARN_DOCUMENTATION_COMMENTS = YES;
				CLANG_WARN_EMPTY_BODY = YES;
				CLANG_WARN_ENUM_CONVERSION = YES;
				CLANG_WARN_INFINITE_RECURSION = YES;
				CLANG_WARN_INT_CONVERSION = YES;
				CLANG_WARN_OBJC_ROOT_CLASS = YES_ERROR;
				CLANG_WARN_SUSPICIOUS_MOVE = YES;
				CLANG_WARN_UNREACHABLE_CODE = YES;
				CLANG_WARN__DUPLICATE_METHOD_MATCH = YES;
				"CODE_SIGN_IDENTITY[sdk=iphoneos*]" = "iPhone Developer";
				COPY_PHASE_STRIP = NO;
				DEBUG_INFORMATION_FORMAT = "dwarf-with-dsym";
				ENABLE_NS_ASSERTIONS = NO;
				ENABLE_STRICT_OBJC_MSGSEND = YES;
				GCC_C_LANGUAGE_STANDARD = gnu99;
				GCC_NO_COMMON_BLOCKS = YES;
				GCC_WARN_64_TO_32_BIT_CONVERSION = YES;
				GCC_WARN_ABOUT_RETURN_TYPE = YES_ERROR;
				GCC_WARN_UNDECLARED_SELECTOR = YES;
				GCC_WARN_UNINITIALIZED_AUTOS = YES_AGGRESSIVE;
				GCC_WARN_UNUSED_FUNCTION = YES;
				GCC_WARN_UNUSED_VARIABLE = YES;
				IPHONEOS_DEPLOYMENT_TARGET = 10.2;
				MTL_ENABLE_DEBUG_INFO = NO;
				SDKROOT = iphoneos;
				TARGETED_DEVICE_FAMILY = "1,2";
				VALIDATE_PRODUCT = YES;
			};
			name = Release;
		};
		82B7D5361E60288D0065D4CC /* Debug */ = {
			isa = XCBuildConfiguration;
			baseConfigurationReference = C1AF94EBF0E62B1597EEBFE5 /* Pods-OrangeDemo.debug.xcconfig */;
			buildSettings = {
				ASSETCATALOG_COMPILER_APPICON_NAME = AppIcon;
				INFOPLIST_FILE = OrangeDemo/Info.plist;
				LD_RUNPATH_SEARCH_PATHS = "$(inherited) @executable_path/Frameworks";
				PRODUCT_BUNDLE_IDENTIFIER = com.OrangeDemo;
				PRODUCT_NAME = "$(TARGET_NAME)";
			};
			name = Debug;
		};
		82B7D5371E60288D0065D4CC /* Release */ = {
			isa = XCBuildConfiguration;
			baseConfigurationReference = 185A91905478E23E5E0D7DF1 /* Pods-OrangeDemo.release.xcconfig */;
			buildSettings = {
				ASSETCATALOG_COMPILER_APPICON_NAME = AppIcon;
				INFOPLIST_FILE = OrangeDemo/Info.plist;
				LD_RUNPATH_SEARCH_PATHS = "$(inherited) @executable_path/Frameworks";
				PRODUCT_BUNDLE_IDENTIFIER = com.OrangeDemo;
				PRODUCT_NAME = "$(TARGET_NAME)";
			};
			name = Release;
		};
/* End XCBuildConfiguration section */

/* Begin XCConfigurationList section */
		82B7D5191E60288D0065D4CC /* Build configuration list for PBXProject "OrangeDemo" */ = {
			isa = XCConfigurationList;
			buildConfigurations = (
				82B7D5331E60288D0065D4CC /* Debug */,
				82B7D5341E60288D0065D4CC /* Release */,
			);
			defaultConfigurationIsVisible = 0;
			defaultConfigurationName = Release;
		};
		82B7D5351E60288D0065D4CC /* Build configuration list for PBXNativeTarget "OrangeDemo" */ = {
			isa = XCConfigurationList;
			buildConfigurations = (
				82B7D5361E60288D0065D4CC /* Debug */,
				82B7D5371E60288D0065D4CC /* Release */,
			);
			defaultConfigurationIsVisible = 0;
		};
/* End XCConfigurationList section */
	};
	rootObject = 82B7D5161E60288D0065D4CC /* Project object */;
}
